
Microsoft Visual Studio Solution File, Format Version 12.00
# Visual Studio Version 17
VisualStudioVersion = 17.12.35417.141
MinimumVisualStudioVersion = 10.0.40219.1
Project("{FAE04EC0-301F-11D3-BF4B-00C04F79EFBC}") = "PointUtils", "PointUtils.csproj", "{E9E91E5C-F816-44FD-9532-579E1A19E993}"
EndProject
Global
	GlobalSection(SolutionConfigurationPlatforms) = preSolution
		Debug|Any CPU = Debug|Any CPU
		Release|Any CPU = Release|Any CPU
	EndGlobalSection
	GlobalSection(ProjectConfigurationPlatforms) = postSolution
		{E9E91E5C-F816-44FD-9532-579E1A19E993}.Debug|Any CPU.ActiveCfg = Debug|Any CPU
		{E9E91E5C-F816-44FD-9532-579E1A19E993}.Debug|Any CPU.Build.0 = Debug|Any CPU
		{E9E91E5C-F816-44FD-9532-579E1A19E993}.Release|Any CPU.ActiveCfg = Release|Any CPU
		{E9E91E5C-F816-44FD-9532-579E1A19E993}.Release|Any CPU.Build.0 = Release|Any CPU
	EndGlobalSection
	GlobalSection(SolutionProperties) = preSolution
		HideSolutionNode = FALSE
	EndGlobalSection
EndGlobal
